// !$*UTF8*$!
{
	archiveVersion = 1;
	classes = {
	};
	objectVersion = 50;
	objects = {

/* Begin PBXBuildFile section */
		B45960EE2810291500A69873 /* DetailImage.swift in Sources */ = {isa = PBXBuildFile; fileRef = B45960ED2810291500A69873 /* DetailImage.swift */; };
		B45960F12810299D00A69873 /* CirccleImage.swift in Sources */ = {isa = PBXBuildFile; fileRef = B45960F02810299D00A69873 /* CirccleImage.swift */; };
		B485312A27FB5F37006AB134 /* SwiftUINetologyApp.swift in Sources */ = {isa = PBXBuildFile; fileRef = B485312927FB5F37006AB134 /* SwiftUINetologyApp.swift */; };
		B485312C27FB5F37006AB134 /* ContentView.swift in Sources */ = {isa = PBXBuildFile; fileRef = B485312B27FB5F37006AB134 /* ContentView.swift */; };
		B485312E27FB5F3D006AB134 /* Assets.xcassets in Resources */ = {isa = PBXBuildFile; fileRef = B485312D27FB5F3D006AB134 /* Assets.xcassets */; };
		B485313127FB5F3D006AB134 /* Preview Assets.xcassets in Resources */ = {isa = PBXBuildFile; fileRef = B485313027FB5F3D006AB134 /* Preview Assets.xcassets */; };
		B485313B27FB664E006AB134 /* landmarkData.json in Resources */ = {isa = PBXBuildFile; fileRef = B485313A27FB664E006AB134 /* landmarkData.json */; };
		B4AE40F4280DF00F00EF277D /* Model.swift in Sources */ = {isa = PBXBuildFile; fileRef = B4AE40F3280DF00F00EF277D /* Model.swift */; };
		B4AE40F7280DF39E00EF277D /* Data.swift in Sources */ = {isa = PBXBuildFile; fileRef = B4AE40F6280DF39E00EF277D /* Data.swift */; };
		B4AE40FA280DF40D00EF277D /* RowView.swift in Sources */ = {isa = PBXBuildFile; fileRef = B4AE40F9280DF40D00EF277D /* RowView.swift */; };
		B4AE40FD280DFA5400EF277D /* ListRow.swift in Sources */ = {isa = PBXBuildFile; fileRef = B4AE40FC280DFA5400EF277D /* ListRow.swift */; };
/* End PBXBuildFile section */

/* Begin PBXFileReference section */
		B45960ED2810291500A69873 /* DetailImage.swift */ = {isa = PBXFileReference; lastKnownFileType = sourcecode.swift; path = DetailImage.swift; sourceTree = "<group>"; };
		B45960F02810299D00A69873 /* CirccleImage.swift */ = {isa = PBXFileReference; lastKnownFileType = sourcecode.swift; path = CirccleImage.swift; sourceTree = "<group>"; };
		B485312627FB5F37006AB134 /* SwiftUINetology.app */ = {isa = PBXFileReference; explicitFileType = wrapper.application; includeInIndex = 0; path = SwiftUINetology.app; sourceTree = BUILT_PRODUCTS_DIR; };
		B485312927FB5F37006AB134 /* SwiftUINetologyApp.swift */ = {isa = PBXFileReference; lastKnownFileType = sourcecode.swift; path = SwiftUINetologyApp.swift; sourceTree = "<group>"; };
		B485312B27FB5F37006AB134 /* ContentView.swift */ = {isa = PBXFileReference; lastKnownFileType = sourcecode.swift; path = ContentView.swift; sourceTree = "<group>"; };
		B485312D27FB5F3D006AB134 /* Assets.xcassets */ = {isa = PBXFileReference; lastKnownFileType = folder.assetcatalog; path = Assets.xcassets; sourceTree = "<group>"; };
		B485313027FB5F3D006AB134 /* Preview Assets.xcassets */ = {isa = PBXFileReference; lastKnownFileType = folder.assetcatalog; path = "Preview Assets.xcassets"; sourceTree = "<group>"; };
		B485313227FB5F3D006AB134 /* Info.plist */ = {isa = PBXFileReference; lastKnownFileType = text.plist.xml; path = Info.plist; sourceTree = "<group>"; };
		B485313A27FB664E006AB134 /* landmarkData.json */ = {isa = PBXFileReference; fileEncoding = 4; lastKnownFileType = text.json; path = landmarkData.json; sourceTree = "<group>"; };
		B4AE40F3280DF00F00EF277D /* Model.swift */ = {isa = PBXFileReference; lastKnownFileType = sourcecode.swift; path = Model.swift; sourceTree = "<group>"; };
		B4AE40F6280DF39E00EF277D /* Data.swift */ = {isa = PBXFileReference; lastKnownFileType = sourcecode.swift; path = Data.swift; sourceTree = "<group>"; };
		B4AE40F9280DF40D00EF277D /* RowView.swift */ = {isa = PBXFileReference; lastKnownFileType = sourcecode.swift; path = RowView.swift; sourceTree = "<group>"; };
		B4AE40FC280DFA5400EF277D /* ListRow.swift */ = {isa = PBXFileReference; lastKnownFileType = sourcecode.swift; path = ListRow.swift; sourceTree = "<group>"; };
/* End PBXFileReference section */

/* Begin PBXFrameworksBuildPhase section */
		B485312327FB5F37006AB134 /* Frameworks */ = {
			isa = PBXFrameworksBuildPhase;
			buildActionMask = 2147483647;
			files = (
			);
			runOnlyForDeploymentPostprocessing = 0;
		};
/* End PBXFrameworksBuildPhase section */

/* Begin PBXGroup section */
		B485311D27FB5F37006AB134 = {
			isa = PBXGroup;
			children = (
				B485312827FB5F37006AB134 /* SwiftUINetology */,
				B485312727FB5F37006AB134 /* Products */,
			);
			sourceTree = "<group>";
		};
		B485312727FB5F37006AB134 /* Products */ = {
			isa = PBXGroup;
			children = (
				B485312627FB5F37006AB134 /* SwiftUINetology.app */,
			);
			name = Products;
			sourceTree = "<group>";
		};
		B485312827FB5F37006AB134 /* SwiftUINetology */ = {
			isa = PBXGroup;
			children = (
				B485312927FB5F37006AB134 /* SwiftUINetologyApp.swift */,
				B485312B27FB5F37006AB134 /* ContentView.swift */,
				B4AE40F3280DF00F00EF277D /* Model.swift */,
				B4AE40F6280DF39E00EF277D /* Data.swift */,
				B4AE40F9280DF40D00EF277D /* RowView.swift */,
				B45960ED2810291500A69873 /* DetailImage.swift */,
				B45960F02810299D00A69873 /* CirccleImage.swift */,
				B4AE40FC280DFA5400EF277D /* ListRow.swift */,
				B485313927FB6634006AB134 /*  Resources */,
				B485312D27FB5F3D006AB134 /* Assets.xcassets */,
				B485313227FB5F3D006AB134 /* Info.plist */,
				B485312F27FB5F3D006AB134 /* Preview Content */,
			);
			path = SwiftUINetology;
			sourceTree = "<group>";
		};
		B485312F27FB5F3D006AB134 /* Preview Content */ = {
			isa = PBXGroup;
			children = (
				B485313027FB5F3D006AB134 /* Preview Assets.xcassets */,
			);
			path = "Preview Content";
			sourceTree = "<group>";
		};
		B485313927FB6634006AB134 /*  Resources */ = {
			isa = PBXGroup;
			children = (
				B485313A27FB664E006AB134 /* landmarkData.json */,
			);
			name = " Resources";
			sourceTree = "<group>";
		};
/* End PBXGroup section */

/* Begin PBXNativeTarget section */
		B485312527FB5F37006AB134 /* SwiftUINetology */ = {
			isa = PBXNativeTarget;
			buildConfigurationList = B485313527FB5F3D006AB134 /* Build configuration list for PBXNativeTarget "SwiftUINetology" */;
			buildPhases = (
				B485312227FB5F37006AB134 /* Sources */,
				B485312327FB5F37006AB134 /* Frameworks */,
				B485312427FB5F37006AB134 /* Resources */,
			);
			buildRules = (
			);
			dependencies = (
			);
			name = SwiftUINetology;
			productName = SwiftUINetology;
			productReference = B485312627FB5F37006AB134 /* SwiftUINetology.app */;
			productType = "com.apple.product-type.application";
		};
/* End PBXNativeTarget section */

/* Begin PBXProject section */
		B485311E27FB5F37006AB134 /* Project object */ = {
			isa = PBXProject;
			attributes = {
				LastSwiftUpdateCheck = 1240;
				LastUpgradeCheck = 1240;
				TargetAttributes = {
					B485312527FB5F37006AB134 = {
						CreatedOnToolsVersion = 12.4;
					};
				};
			};
			buildConfigurationList = B485312127FB5F37006AB134 /* Build configuration list for PBXProject "SwiftUINetology" */;
			compatibilityVersion = "Xcode 9.3";
			developmentRegion = en;
			hasScannedForEncodings = 0;
			knownRegions = (
				en,
				Base,
			);
			mainGroup = B485311D27FB5F37006AB134;
			productRefGroup = B485312727FB5F37006AB134 /* Products */;
			projectDirPath = "";
			projectRoot = "";
			targets = (
				B485312527FB5F37006AB134 /* SwiftUINetology */,
			);
		};
/* End PBXProject section */

/* Begin PBXResourcesBuildPhase section */
		B485312427FB5F37006AB134 /* Resources */ = {
			isa = PBXResourcesBuildPhase;
			buildActionMask = 2147483647;
			files = (
				B485313127FB5F3D006AB134 /* Preview Assets.xcassets in Resources */,
				B485312E27FB5F3D006AB134 /* Assets.xcassets in Resources */,
				B485313B27FB664E006AB134 /* landmarkData.json in Resources */,
			);
			runOnlyForDeploymentPostprocessing = 0;
		};
/* End PBXResourcesBuildPhase section */

/* Begin PBXSourcesBuildPhase section */
		B485312227FB5F37006AB134 /* Sources */ = {
			isa = PBXSourcesBuildPhase;
			buildActionMask = 2147483647;
			files = (
				B45960EE2810291500A69873 /* DetailImage.swift in Sources */,
				B4AE40F4280DF00F00EF277D /* Model.swift in Sources */,
				B485312C27FB5F37006AB134 /* ContentView.swift in Sources */,
				B485312A27FB5F37006AB134 /* SwiftUINetologyApp.swift in Sources */,
				B4AE40FA280DF40D00EF277D /* RowView.swift in Sources */,
				B45960F12810299D00A69873 /* CirccleImage.swift in Sources */,
				B4AE40F7280DF39E00EF277D /* Data.swift in Sources */,
				B4AE40FD280DFA5400EF277D /* ListRow.swift in Sources */,
			);
			runOnlyForDeploymentPostprocessing = 0;
		};
/* End PBXSourcesBuildPhase section */

/* Begin XCBuildConfiguration section */
		B485313327FB5F3D006AB134 /* Debug */ = {
			isa = XCBuildConfiguration;
			buildSettings = {
				ALWAYS_SEARCH_USER_PATHS = NO;
				CLANG_ANALYZER_NONNULL = YES;
				CLANG_ANALYZER_NUMBER_OBJECT_CONVERSION = YES_AGGRESSIVE;
				CLANG_CXX_LANGUAGE_STANDARD = "gnu++14";
				CLANG_CXX_LIBRARY = "libc++";
				CLANG_ENABLE_MODULES = YES;
				CLANG_ENABLE_OBJC_ARC = YES;
				CLANG_ENABLE_OBJC_WEAK = YES;
				CLANG_WARN_BLOCK_CAPTURE_AUTORELEASING = YES;
				CLANG_WARN_BOOL_CONVERSION = YES;
				CLANG_WARN_COMMA = YES;
				CLANG_WARN_CONSTANT_CONVERSION = YES;
				CLANG_WARN_DEPRECATED_OBJC_IMPLEMENTATIONS = YES;
				CLANG_WARN_DIRECT_OBJC_ISA_USAGE = YES_ERROR;
				CLANG_WARN_DOCUMENTATION_COMMENTS = YES;
				CLANG_WARN_EMPTY_BODY = YES;
				CLANG_WARN_ENUM_CONVERSION = YES;
				CLANG_WARN_INFINITE_RECURSION = YES;
				CLANG_WARN_INT_CONVERSION = YES;
				CLANG_WARN_NON_LITERAL_NULL_CONVERSION = YES;
				CLANG_WARN_OBJC_IMPLICIT_RETAIN_SELF = YES;
				CLANG_WARN_OBJC_LITERAL_CONVERSION = YES;
				CLANG_WARN_OBJC_ROOT_CLASS = YES_ERROR;
				CLANG_WARN_QUOTED_INCLUDE_IN_FRAMEWORK_HEADER = YES;
				CLANG_WARN_RANGE_LOOP_ANALYSIS = YES;
				CLANG_WARN_STRICT_PROTOTYPES = YES;
				CLANG_WARN_SUSPICIOUS_MOVE = YES;
				CLANG_WARN_UNGUARDED_AVAILABILITY = YES_AGGRESSIVE;
				CLANG_WARN_UNREACHABLE_CODE = YES;
				CLANG_WARN__DUPLICATE_METHOD_MATCH = YES;
				COPY_PHASE_STRIP = NO;
				DEBUG_INFORMATION_FORMAT = dwarf;
				ENABLE_STRICT_OBJC_MSGSEND = YES;
				ENABLE_TESTABILITY = YES;
				GCC_C_LANGUAGE_STANDARD = gnu11;
				GCC_DYNAMIC_NO_PIC = NO;
				GCC_NO_COMMON_BLOCKS = YES;
				GCC_OPTIMIZATION_LEVEL = 0;
				GCC_PREPROCESSOR_DEFINITIONS = (
					"DEBUG=1",
					"$(inherited)",
				);
				GCC_WARN_64_TO_32_BIT_CONVERSION = YES;
				GCC_WARN_ABOUT_RETURN_TYPE = YES_ERROR;
				GCC_WARN_UNDECLARED_SELECTOR = YES;
				GCC_WARN_UNINITIALIZED_AUTOS = YES_AGGRESSIVE;
				GCC_WARN_UNUSED_FUNCTION = YES;
				GCC_WARN_UNUSED_VARIABLE = YES;
				IPHONEOS_DEPLOYMENT_TARGET = 14.4;
				MTL_ENABLE_DEBUG_INFO = INCLUDE_SOURCE;
				MTL_FAST_MATH = YES;
				ONLY_ACTIVE_ARCH = YES;
				SDKROOT = iphoneos;
				SWIFT_ACTIVE_COMPILATION_CONDITIONS = DEBUG;
				SWIFT_OPTIMIZATION_LEVEL = "-Onone";
			};
			name = Debug;
		};
		B485313427FB5F3D006AB134 /* Release */ = {
			isa = XCBuildConfiguration;
			buildSettings = {
				ALWAYS_SEARCH_USER_PATHS = NO;
				CLANG_ANALYZER_NONNULL = YES;
				CLANG_ANALYZER_NUMBER_OBJECT_CONVERSION = YES_AGGRESSIVE;
				CLANG_CXX_LANGUAGE_STANDARD = "gnu++14";
				CLANG_CXX_LIBRARY = "libc++";
				CLANG_ENABLE_MODULES = YES;
				CLANG_ENABLE_OBJC_ARC = YES;
				CLANG_ENABLE_OBJC_WEAK = YES;
				CLANG_WARN_BLOCK_CAPTURE_AUTORELEASING = YES;
				CLANG_WARN_BOOL_CONVERSION = YES;
				CLANG_WARN_COMMA = YES;
				CLANG_WARN_CONSTANT_CONVERSION = YES;
				CLANG_WARN_DEPRECATED_OBJC_IMPLEMENTATIONS = YES;
				CLANG_WARN_DIRECT_OBJC_ISA_USAGE = YES_ERROR;
				CLANG_WARN_DOCUMENTATION_COMMENTS = YES;
				CLANG_WARN_EMPTY_BODY = YES;
				CLANG_WARN_ENUM_CONVERSION = YES;
				CLANG_WARN_INFINITE_RECURSION = YES;
				CLANG_WARN_INT_CONVERSION = YES;
				CLANG_WARN_NON_LITERAL_NULL_CONVERSION = YES;
				CLANG_WARN_OBJC_IMPLICIT_RETAIN_SELF = YES;
				CLANG_WARN_OBJC_LITERAL_CONVERSION = YES;
				CLANG_WARN_OBJC_ROOT_CLASS = YES_ERROR;
				CLANG_WARN_QUOTED_INCLUDE_IN_FRAMEWORK_HEADER = YES;
				CLANG_WARN_RANGE_LOOP_ANALYSIS = YES;
				CLANG_WARN_STRICT_PROTOTYPES = YES;
				CLANG_WARN_SUSPICIOUS_MOVE = YES;
				CLANG_WARN_UNGUARDED_AVAILABILITY = YES_AGGRESSIVE;
				CLANG_WARN_UNREACHABLE_CODE = YES;
				CLANG_WARN__DUPLICATE_METHOD_MATCH = YES;
				COPY_PHASE_STRIP = NO;
				DEBUG_INFORMATION_FORMAT = "dwarf-with-dsym";
				ENABLE_NS_ASSERTIONS = NO;
				ENABLE_STRICT_OBJC_MSGSEND = YES;
				GCC_C_LANGUAGE_STANDARD = gnu11;
				GCC_NO_COMMON_BLOCKS = YES;
				GCC_WARN_64_TO_32_BIT_CONVERSION = YES;
				GCC_WARN_ABOUT_RETURN_TYPE = YES_ERROR;
				GCC_WARN_UNDECLARED_SELECTOR = YES;
				GCC_WARN_UNINITIALIZED_AUTOS = YES_AGGRESSIVE;
				GCC_WARN_UNUSED_FUNCTION = YES;
				GCC_WARN_UNUSED_VARIABLE = YES;
				IPHONEOS_DEPLOYMENT_TARGET = 14.4;
				MTL_ENABLE_DEBUG_INFO = NO;
				MTL_FAST_MATH = YES;
				SDKROOT = iphoneos;
				SWIFT_COMPILATION_MODE = wholemodule;
				SWIFT_OPTIMIZATION_LEVEL = "-O";
				VALIDATE_PRODUCT = YES;
			};
			name = Release;
		};
		B485313627FB5F3D006AB134 /* Debug */ = {
			isa = XCBuildConfiguration;
			buildSettings = {
				ASSETCATALOG_COMPILER_APPICON_NAME = AppIcon;
				ASSETCATALOG_COMPILER_GLOBAL_ACCENT_COLOR_NAME = AccentColor;
				CODE_SIGN_STYLE = Automatic;
				DEVELOPMENT_ASSET_PATHS = "\"SwiftUINetology/Preview Content\"";
				ENABLE_PREVIEWS = YES;
				INFOPLIST_FILE = SwiftUINetology/Info.plist;
				IPHONEOS_DEPLOYMENT_TARGET = 14.0;
				LD_RUNPATH_SEARCH_PATHS = (
					"$(inherited)",
					"@executable_path/Frameworks",
				);
				PRODUCT_BUNDLE_IDENTIFIER = "com.Alexey-Kharin.SwiftUINetology";
				PRODUCT_NAME = "$(TARGET_NAME)";
				SWIFT_VERSION = 5.0;
				TARGETED_DEVICE_FAMILY = "1,2";
			};
			name = Debug;
		};
		B485313727FB5F3D006AB134 /* Release */ = {
			isa = XCBuildConfiguration;
			buildSettings = {
				ASSETCATALOG_COMPILER_APPICON_NAME = AppIcon;
				ASSETCATALOG_COMPILER_GLOBAL_ACCENT_COLOR_NAME = AccentColor;
				CODE_SIGN_STYLE = Automatic;
				DEVELOPMENT_ASSET_PATHS = "\"SwiftUINetology/Preview Content\"";
				ENABLE_PREVIEWS = YES;
				INFOPLIST_FILE = SwiftUINetology/Info.plist;
				IPHONEOS_DEPLOYMENT_TARGET = 14.0;
				LD_RUNPATH_SEARCH_PATHS = (
					"$(inherited)",
					"@executable_path/Frameworks",
				);
				PRODUCT_BUNDLE_IDENTIFIER = "com.Alexey-Kharin.SwiftUINetology";
				PRODUCT_NAME = "$(TARGET_NAME)";
				SWIFT_VERSION = 5.0;
				TARGETED_DEVICE_FAMILY = "1,2";
			};
			name = Release;
		};
/* End XCBuildConfiguration section */

/* Begin XCConfigurationList section */
		B485312127FB5F37006AB134 /* Build configuration list for PBXProject "SwiftUINetology" */ = {
			isa = XCConfigurationList;
			buildConfigurations = (
				B485313327FB5F3D006AB134 /* Debug */,
				B485313427FB5F3D006AB134 /* Release */,
			);
			defaultConfigurationIsVisible = 0;
			defaultConfigurationName = Release;
		};
		B485313527FB5F3D006AB134 /* Build configuration list for PBXNativeTarget "SwiftUINetology" */ = {
			isa = XCConfigurationList;
			buildConfigurations = (
				B485313627FB5F3D006AB134 /* Debug */,
				B485313727FB5F3D006AB134 /* Release */,
			);
			defaultConfigurationIsVisible = 0;
			defaultConfigurationName = Release;
		};
/* End XCConfigurationList section */
	};
	rootObject = B485311E27FB5F37006AB134 /* Project object */;
}
